
Microsoft Visual Studio Solution File, Format Version 12.00
# Visual Studio Version 17
VisualStudioVersion = 17.5.33502.453
MinimumVisualStudioVersion = 10.0.40219.1
Project("{9A19103F-16F7-4668-BE54-9A1E7A4F7556}") = "GameLauncher", "GameLauncher\GameLauncher.csproj", "{3F507AE1-F4EF-429A-A70E-93D63104673C}"
EndProject
Global
	GlobalSection(SolutionConfigurationPlatforms) = preSolution
		Debug|Any CPU = Debug|Any CPU
		Release|Any CPU = Release|Any CPU
	EndGlobalSection
	GlobalSection(ProjectConfigurationPlatforms) = postSolution
		{3F507AE1-F4EF-429A-A70E-93D63104673C}.Debug|Any CPU.ActiveCfg = Debug|Any CPU
		{3F507AE1-F4EF-429A-A70E-93D63104673C}.Debug|Any CPU.Build.0 = Debug|Any CPU
		{3F507AE1-F4EF-429A-A70E-93D63104673C}.Release|Any CPU.ActiveCfg = Release|Any CPU
		{3F507AE1-F4EF-429A-A70E-93D63104673C}.Release|Any CPU.Build.0 = Release|Any CPU
	EndGlobalSection
	GlobalSection(SolutionProperties) = preSolution
		HideSolutionNode = FALSE
	EndGlobalSection
	GlobalSection(ExtensibilityGlobals) = postSolution
		SolutionGuid = {1F6FBB7D-23E4-4A1A-A97B-501EC9BD90AB}
	EndGlobalSection
EndGlobal
